
Microsoft Visual Studio Solution File, Format Version 12.00
# Visual Studio Version 16
VisualStudioVersion = 16.0.33328.57
MinimumVisualStudioVersion = 10.0.40219.1
Project("{888888A0-9F3D-457C-B088-3A5042F75D52}") = "125_株価取得（Python）", "125_株価取得（Python）.pyproj", "{DC923431-B74D-4066-8DBF-E8751B910407}"
EndProject
Global
	GlobalSection(SolutionConfigurationPlatforms) = preSolution
		Debug|Any CPU = Debug|Any CPU
		Release|Any CPU = Release|Any CPU
	EndGlobalSection
	GlobalSection(ProjectConfigurationPlatforms) = postSolution
		{DC923431-B74D-4066-8DBF-E8751B910407}.Debug|Any CPU.ActiveCfg = Debug|Any CPU
		{DC923431-B74D-4066-8DBF-E8751B910407}.Release|Any CPU.ActiveCfg = Release|Any CPU
	EndGlobalSection
	GlobalSection(SolutionProperties) = preSolution
		HideSolutionNode = FALSE
	EndGlobalSection
	GlobalSection(ExtensibilityGlobals) = postSolution
		SolutionGuid = {0B404AB1-839B-417D-B117-A32C7BB7124A}
	EndGlobalSection
EndGlobal
